// !$*UTF8*$!
{
	archiveVersion = 1;
	classes = {
	};
	objectVersion = 50;
	objects = {

/* Begin PBXBuildFile section */
		9BB06F6323D0F9D3006CAD65 /* AppDelegate.swift in Sources */ = {isa = PBXBuildFile; fileRef = 9BB06F6223D0F9D3006CAD65 /* AppDelegate.swift */; };
		9BB06F6523D0F9D3006CAD65 /* SceneDelegate.swift in Sources */ = {isa = PBXBuildFile; fileRef = 9BB06F6423D0F9D3006CAD65 /* SceneDelegate.swift */; };
		9BB06F6723D0F9D3006CAD65 /* ViewController.swift in Sources */ = {isa = PBXBuildFile; fileRef = 9BB06F6623D0F9D3006CAD65 /* ViewController.swift */; };
		9BB06F6A23D0F9D3006CAD65 /* Main.storyboard in Resources */ = {isa = PBXBuildFile; fileRef = 9BB06F6823D0F9D3006CAD65 /* Main.storyboard */; };
		9BB06F6D23D0F9D3006CAD65 /* CoreData_Demo.xcdatamodeld in Sources */ = {isa = PBXBuildFile; fileRef = 9BB06F6B23D0F9D3006CAD65 /* CoreData_Demo.xcdatamodeld */; };
		9BB06F6F23D0F9D3006CAD65 /* Assets.xcassets in Resources */ = {isa = PBXBuildFile; fileRef = 9BB06F6E23D0F9D3006CAD65 /* Assets.xcassets */; };
		9BB06F7223D0F9D3006CAD65 /* LaunchScreen.storyboard in Resources */ = {isa = PBXBuildFile; fileRef = 9BB06F7023D0F9D3006CAD65 /* LaunchScreen.storyboard */; };
		9BB06F7D23D0F9D3006CAD65 /* CoreData_DemoTests.swift in Sources */ = {isa = PBXBuildFile; fileRef = 9BB06F7C23D0F9D3006CAD65 /* CoreData_DemoTests.swift */; };
		9BB06F8823D0F9D3006CAD65 /* CoreData_DemoUITests.swift in Sources */ = {isa = PBXBuildFile; fileRef = 9BB06F8723D0F9D3006CAD65 /* CoreData_DemoUITests.swift */; };
/* End PBXBuildFile section */

/* Begin PBXContainerItemProxy section */
		9BB06F7923D0F9D3006CAD65 /* PBXContainerItemProxy */ = {
			isa = PBXContainerItemProxy;
			containerPortal = 9BB06F5723D0F9D3006CAD65 /* Project object */;
			proxyType = 1;
			remoteGlobalIDString = 9BB06F5E23D0F9D3006CAD65;
			remoteInfo = "CoreData Demo";
		};
		9BB06F8423D0F9D3006CAD65 /* PBXContainerItemProxy */ = {
			isa = PBXContainerItemProxy;
			containerPortal = 9BB06F5723D0F9D3006CAD65 /* Project object */;
			proxyType = 1;
			remoteGlobalIDString = 9BB06F5E23D0F9D3006CAD65;
			remoteInfo = "CoreData Demo";
		};
/* End PBXContainerItemProxy section */

/* Begin PBXFileReference section */
		9BB06F5F23D0F9D3006CAD65 /* CoreData Demo.app */ = {isa = PBXFileReference; explicitFileType = wrapper.application; includeInIndex = 0; path = "CoreData Demo.app"; sourceTree = BUILT_PRODUCTS_DIR; };
		9BB06F6223D0F9D3006CAD65 /* AppDelegate.swift */ = {isa = PBXFileReference; lastKnownFileType = sourcecode.swift; path = AppDelegate.swift; sourceTree = "<group>"; };
		9BB06F6423D0F9D3006CAD65 /* SceneDelegate.swift */ = {isa = PBXFileReference; lastKnownFileType = sourcecode.swift; path = SceneDelegate.swift; sourceTree = "<group>"; };
		9BB06F6623D0F9D3006CAD65 /* ViewController.swift */ = {isa = PBXFileReference; lastKnownFileType = sourcecode.swift; path = ViewController.swift; sourceTree = "<group>"; };
		9BB06F6923D0F9D3006CAD65 /* Base */ = {isa = PBXFileReference; lastKnownFileType = file.storyboard; name = Base; path = Base.lproj/Main.storyboard; sourceTree = "<group>"; };
		9BB06F6C23D0F9D3006CAD65 /* CoreData_Demo.xcdatamodel */ = {isa = PBXFileReference; lastKnownFileType = wrapper.xcdatamodel; path = CoreData_Demo.xcdatamodel; sourceTree = "<group>"; };
		9BB06F6E23D0F9D3006CAD65 /* Assets.xcassets */ = {isa = PBXFileReference; lastKnownFileType = folder.assetcatalog; path = Assets.xcassets; sourceTree = "<group>"; };
		9BB06F7123D0F9D3006CAD65 /* Base */ = {isa = PBXFileReference; lastKnownFileType = file.storyboard; name = Base; path = Base.lproj/LaunchScreen.storyboard; sourceTree = "<group>"; };
		9BB06F7323D0F9D3006CAD65 /* Info.plist */ = {isa = PBXFileReference; lastKnownFileType = text.plist.xml; path = Info.plist; sourceTree = "<group>"; };
		9BB06F7823D0F9D3006CAD65 /* CoreData DemoTests.xctest */ = {isa = PBXFileReference; explicitFileType = wrapper.cfbundle; includeInIndex = 0; path = "CoreData DemoTests.xctest"; sourceTree = BUILT_PRODUCTS_DIR; };
		9BB06F7C23D0F9D3006CAD65 /* CoreData_DemoTests.swift */ = {isa = PBXFileReference; lastKnownFileType = sourcecode.swift; path = CoreData_DemoTests.swift; sourceTree = "<group>"; };
		9BB06F7E23D0F9D3006CAD65 /* Info.plist */ = {isa = PBXFileReference; lastKnownFileType = text.plist.xml; path = Info.plist; sourceTree = "<group>"; };
		9BB06F8323D0F9D3006CAD65 /* CoreData DemoUITests.xctest */ = {isa = PBXFileReference; explicitFileType = wrapper.cfbundle; includeInIndex = 0; path = "CoreData DemoUITests.xctest"; sourceTree = BUILT_PRODUCTS_DIR; };
		9BB06F8723D0F9D3006CAD65 /* CoreData_DemoUITests.swift */ = {isa = PBXFileReference; lastKnownFileType = sourcecode.swift; path = CoreData_DemoUITests.swift; sourceTree = "<group>"; };
		9BB06F8923D0F9D3006CAD65 /* Info.plist */ = {isa = PBXFileReference; lastKnownFileType = text.plist.xml; path = Info.plist; sourceTree = "<group>"; };
/* End PBXFileReference section */

/* Begin PBXFrameworksBuildPhase section */
		9BB06F5C23D0F9D3006CAD65 /* Frameworks */ = {
			isa = PBXFrameworksBuildPhase;
			buildActionMask = 2147483647;
			files = (
			);
			runOnlyForDeploymentPostprocessing = 0;
		};
		9BB06F7523D0F9D3006CAD65 /* Frameworks */ = {
			isa = PBXFrameworksBuildPhase;
			buildActionMask = 2147483647;
			files = (
			);
			runOnlyForDeploymentPostprocessing = 0;
		};
		9BB06F8023D0F9D3006CAD65 /* Frameworks */ = {
			isa = PBXFrameworksBuildPhase;
			buildActionMask = 2147483647;
			files = (
			);
			runOnlyForDeploymentPostprocessing = 0;
		};
/* End PBXFrameworksBuildPhase section */

/* Begin PBXGroup section */
		9BB06F5623D0F9D3006CAD65 = {
			isa = PBXGroup;
			children = (
				9BB06F6123D0F9D3006CAD65 /* CoreData Demo */,
				9BB06F7B23D0F9D3006CAD65 /* CoreData DemoTests */,
				9BB06F8623D0F9D3006CAD65 /* CoreData DemoUITests */,
				9BB06F6023D0F9D3006CAD65 /* Products */,
			);
			sourceTree = "<group>";
		};
		9BB06F6023D0F9D3006CAD65 /* Products */ = {
			isa = PBXGroup;
			children = (
				9BB06F5F23D0F9D3006CAD65 /* CoreData Demo.app */,
				9BB06F7823D0F9D3006CAD65 /* CoreData DemoTests.xctest */,
				9BB06F8323D0F9D3006CAD65 /* CoreData DemoUITests.xctest */,
			);
			name = Products;
			sourceTree = "<group>";
		};
		9BB06F6123D0F9D3006CAD65 /* CoreData Demo */ = {
			isa = PBXGroup;
			children = (
				9BB06F6223D0F9D3006CAD65 /* AppDelegate.swift */,
				9BB06F6423D0F9D3006CAD65 /* SceneDelegate.swift */,
				9BB06F6623D0F9D3006CAD65 /* ViewController.swift */,
				9BB06F6823D0F9D3006CAD65 /* Main.storyboard */,
				9BB06F6E23D0F9D3006CAD65 /* Assets.xcassets */,
				9BB06F7023D0F9D3006CAD65 /* LaunchScreen.storyboard */,
				9BB06F7323D0F9D3006CAD65 /* Info.plist */,
				9BB06F6B23D0F9D3006CAD65 /* CoreData_Demo.xcdatamodeld */,
			);
			path = "CoreData Demo";
			sourceTree = "<group>";
		};
		9BB06F7B23D0F9D3006CAD65 /* CoreData DemoTests */ = {
			isa = PBXGroup;
			children = (
				9BB06F7C23D0F9D3006CAD65 /* CoreData_DemoTests.swift */,
				9BB06F7E23D0F9D3006CAD65 /* Info.plist */,
			);
			path = "CoreData DemoTests";
			sourceTree = "<group>";
		};
		9BB06F8623D0F9D3006CAD65 /* CoreData DemoUITests */ = {
			isa = PBXGroup;
			children = (
				9BB06F8723D0F9D3006CAD65 /* CoreData_DemoUITests.swift */,
				9BB06F8923D0F9D3006CAD65 /* Info.plist */,
			);
			path = "CoreData DemoUITests";
			sourceTree = "<group>";
		};
/* End PBXGroup section */

/* Begin PBXNativeTarget section */
		9BB06F5E23D0F9D3006CAD65 /* CoreData Demo */ = {
			isa = PBXNativeTarget;
			buildConfigurationList = 9BB06F8C23D0F9D3006CAD65 /* Build configuration list for PBXNativeTarget "CoreData Demo" */;
			buildPhases = (
				9BB06F5B23D0F9D3006CAD65 /* Sources */,
				9BB06F5C23D0F9D3006CAD65 /* Frameworks */,
				9BB06F5D23D0F9D3006CAD65 /* Resources */,
			);
			buildRules = (
			);
			dependencies = (
			);
			name = "CoreData Demo";
			productName = "CoreData Demo";
			productReference = 9BB06F5F23D0F9D3006CAD65 /* CoreData Demo.app */;
			productType = "com.apple.product-type.application";
		};
		9BB06F7723D0F9D3006CAD65 /* CoreData DemoTests */ = {
			isa = PBXNativeTarget;
			buildConfigurationList = 9BB06F8F23D0F9D3006CAD65 /* Build configuration list for PBXNativeTarget "CoreData DemoTests" */;
			buildPhases = (
				9BB06F7423D0F9D3006CAD65 /* Sources */,
				9BB06F7523D0F9D3006CAD65 /* Frameworks */,
				9BB06F7623D0F9D3006CAD65 /* Resources */,
			);
			buildRules = (
			);
			dependencies = (
				9BB06F7A23D0F9D3006CAD65 /* PBXTargetDependency */,
			);
			name = "CoreData DemoTests";
			productName = "CoreData DemoTests";
			productReference = 9BB06F7823D0F9D3006CAD65 /* CoreData DemoTests.xctest */;
			productType = "com.apple.product-type.bundle.unit-test";
		};
		9BB06F8223D0F9D3006CAD65 /* CoreData DemoUITests */ = {
			isa = PBXNativeTarget;
			buildConfigurationList = 9BB06F9223D0F9D3006CAD65 /* Build configuration list for PBXNativeTarget "CoreData DemoUITests" */;
			buildPhases = (
				9BB06F7F23D0F9D3006CAD65 /* Sources */,
				9BB06F8023D0F9D3006CAD65 /* Frameworks */,
				9BB06F8123D0F9D3006CAD65 /* Resources */,
			);
			buildRules = (
			);
			dependencies = (
				9BB06F8523D0F9D3006CAD65 /* PBXTargetDependency */,
			);
			name = "CoreData DemoUITests";
			productName = "CoreData DemoUITests";
			productReference = 9BB06F8323D0F9D3006CAD65 /* CoreData DemoUITests.xctest */;
			productType = "com.apple.product-type.bundle.ui-testing";
		};
/* End PBXNativeTarget section */

/* Begin PBXProject section */
		9BB06F5723D0F9D3006CAD65 /* Project object */ = {
			isa = PBXProject;
			attributes = {
				LastSwiftUpdateCheck = 1130;
				LastUpgradeCheck = 1130;
				ORGANIZATIONNAME = MacStudent;
				TargetAttributes = {
					9BB06F5E23D0F9D3006CAD65 = {
						CreatedOnToolsVersion = 11.3;
					};
					9BB06F7723D0F9D3006CAD65 = {
						CreatedOnToolsVersion = 11.3;
						TestTargetID = 9BB06F5E23D0F9D3006CAD65;
					};
					9BB06F8223D0F9D3006CAD65 = {
						CreatedOnToolsVersion = 11.3;
						TestTargetID = 9BB06F5E23D0F9D3006CAD65;
					};
				};
			};
			buildConfigurationList = 9BB06F5A23D0F9D3006CAD65 /* Build configuration list for PBXProject "CoreData Demo" */;
			compatibilityVersion = "Xcode 9.3";
			developmentRegion = en;
			hasScannedForEncodings = 0;
			knownRegions = (
				en,
				Base,
			);
			mainGroup = 9BB06F5623D0F9D3006CAD65;
			productRefGroup = 9BB06F6023D0F9D3006CAD65 /* Products */;
			projectDirPath = "";
			projectRoot = "";
			targets = (
				9BB06F5E23D0F9D3006CAD65 /* CoreData Demo */,
				9BB06F7723D0F9D3006CAD65 /* CoreData DemoTests */,
				9BB06F8223D0F9D3006CAD65 /* CoreData DemoUITests */,
			);
		};
/* End PBXProject section */

/* Begin PBXResourcesBuildPhase section */
		9BB06F5D23D0F9D3006CAD65 /* Resources */ = {
			isa = PBXResourcesBuildPhase;
			buildActionMask = 2147483647;
			files = (
				9BB06F7223D0F9D3006CAD65 /* LaunchScreen.storyboard in Resources */,
				9BB06F6F23D0F9D3006CAD65 /* Assets.xcassets in Resources */,
				9BB06F6A23D0F9D3006CAD65 /* Main.storyboard in Resources */,
			);
			runOnlyForDeploymentPostprocessing = 0;
		};
		9BB06F7623D0F9D3006CAD65 /* Resources */ = {
			isa = PBXResourcesBuildPhase;
			buildActionMask = 2147483647;
			files = (
			);
			runOnlyForDeploymentPostprocessing = 0;
		};
		9BB06F8123D0F9D3006CAD65 /* Resources */ = {
			isa = PBXResourcesBuildPhase;
			buildActionMask = 2147483647;
			files = (
			);
			runOnlyForDeploymentPostprocessing = 0;
		};
/* End PBXResourcesBuildPhase section */

/* Begin PBXSourcesBuildPhase section */
		9BB06F5B23D0F9D3006CAD65 /* Sources */ = {
			isa = PBXSourcesBuildPhase;
			buildActionMask = 2147483647;
			files = (
				9BB06F6723D0F9D3006CAD65 /* ViewController.swift in Sources */,
				9BB06F6D23D0F9D3006CAD65 /* CoreData_Demo.xcdatamodeld in Sources */,
				9BB06F6323D0F9D3006CAD65 /* AppDelegate.swift in Sources */,
				9BB06F6523D0F9D3006CAD65 /* SceneDelegate.swift in Sources */,
			);
			runOnlyForDeploymentPostprocessing = 0;
		};
		9BB06F7423D0F9D3006CAD65 /* Sources */ = {
			isa = PBXSourcesBuildPhase;
			buildActionMask = 2147483647;
			files = (
				9BB06F7D23D0F9D3006CAD65 /* CoreData_DemoTests.swift in Sources */,
			);
			runOnlyForDeploymentPostprocessing = 0;
		};
		9BB06F7F23D0F9D3006CAD65 /* Sources */ = {
			isa = PBXSourcesBuildPhase;
			buildActionMask = 2147483647;
			files = (
				9BB06F8823D0F9D3006CAD65 /* CoreData_DemoUITests.swift in Sources */,
			);
			runOnlyForDeploymentPostprocessing = 0;
		};
/* End PBXSourcesBuildPhase section */

/* Begin PBXTargetDependency section */
		9BB06F7A23D0F9D3006CAD65 /* PBXTargetDependency */ = {
			isa = PBXTargetDependency;
			target = 9BB06F5E23D0F9D3006CAD65 /* CoreData Demo */;
			targetProxy = 9BB06F7923D0F9D3006CAD65 /* PBXContainerItemProxy */;
		};
		9BB06F8523D0F9D3006CAD65 /* PBXTargetDependency */ = {
			isa = PBXTargetDependency;
			target = 9BB06F5E23D0F9D3006CAD65 /* CoreData Demo */;
			targetProxy = 9BB06F8423D0F9D3006CAD65 /* PBXContainerItemProxy */;
		};
/* End PBXTargetDependency section */

/* Begin PBXVariantGroup section */
		9BB06F6823D0F9D3006CAD65 /* Main.storyboard */ = {
			isa = PBXVariantGroup;
			children = (
				9BB06F6923D0F9D3006CAD65 /* Base */,
			);
			name = Main.storyboard;
			sourceTree = "<group>";
		};
		9BB06F7023D0F9D3006CAD65 /* LaunchScreen.storyboard */ = {
			isa = PBXVariantGroup;
			children = (
				9BB06F7123D0F9D3006CAD65 /* Base */,
			);
			name = LaunchScreen.storyboard;
			sourceTree = "<group>";
		};
/* End PBXVariantGroup section */

/* Begin XCBuildConfiguration section */
		9BB06F8A23D0F9D3006CAD65 /* Debug */ = {
			isa = XCBuildConfiguration;
			buildSettings = {
				ALWAYS_SEARCH_USER_PATHS = NO;
				CLANG_ANALYZER_NONNULL = YES;
				CLANG_ANALYZER_NUMBER_OBJECT_CONVERSION = YES_AGGRESSIVE;
				CLANG_CXX_LANGUAGE_STANDARD = "gnu++14";
				CLANG_CXX_LIBRARY = "libc++";
				CLANG_ENABLE_MODULES = YES;
				CLANG_ENABLE_OBJC_ARC = YES;
				CLANG_ENABLE_OBJC_WEAK = YES;
				CLANG_WARN_BLOCK_CAPTURE_AUTORELEASING = YES;
				CLANG_WARN_BOOL_CONVERSION = YES;
				CLANG_WARN_COMMA = YES;
				CLANG_WARN_CONSTANT_CONVERSION = YES;
				CLANG_WARN_DEPRECATED_OBJC_IMPLEMENTATIONS = YES;
				CLANG_WARN_DIRECT_OBJC_ISA_USAGE = YES_ERROR;
				CLANG_WARN_DOCUMENTATION_COMMENTS = YES;
				CLANG_WARN_EMPTY_BODY = YES;
				CLANG_WARN_ENUM_CONVERSION = YES;
				CLANG_WARN_INFINITE_RECURSION = YES;
				CLANG_WARN_INT_CONVERSION = YES;
				CLANG_WARN_NON_LITERAL_NULL_CONVERSION = YES;
				CLANG_WARN_OBJC_IMPLICIT_RETAIN_SELF = YES;
				CLANG_WARN_OBJC_LITERAL_CONVERSION = YES;
				CLANG_WARN_OBJC_ROOT_CLASS = YES_ERROR;
				CLANG_WARN_RANGE_LOOP_ANALYSIS = YES;
				CLANG_WARN_STRICT_PROTOTYPES = YES;
				CLANG_WARN_SUSPICIOUS_MOVE = YES;
				CLANG_WARN_UNGUARDED_AVAILABILITY = YES_AGGRESSIVE;
				CLANG_WARN_UNREACHABLE_CODE = YES;
				CLANG_WARN__DUPLICATE_METHOD_MATCH = YES;
				COPY_PHASE_STRIP = NO;
				DEBUG_INFORMATION_FORMAT = dwarf;
				ENABLE_STRICT_OBJC_MSGSEND = YES;
				ENABLE_TESTABILITY = YES;
				GCC_C_LANGUAGE_STANDARD = gnu11;
				GCC_DYNAMIC_NO_PIC = NO;
				GCC_NO_COMMON_BLOCKS = YES;
				GCC_OPTIMIZATION_LEVEL = 0;
				GCC_PREPROCESSOR_DEFINITIONS = (
					"DEBUG=1",
					"$(inherited)",
				);
				GCC_WARN_64_TO_32_BIT_CONVERSION = YES;
				GCC_WARN_ABOUT_RETURN_TYPE = YES_ERROR;
				GCC_WARN_UNDECLARED_SELECTOR = YES;
				GCC_WARN_UNINITIALIZED_AUTOS = YES_AGGRESSIVE;
				GCC_WARN_UNUSED_FUNCTION = YES;
				GCC_WARN_UNUSED_VARIABLE = YES;
				IPHONEOS_DEPLOYMENT_TARGET = 13.2;
				MTL_ENABLE_DEBUG_INFO = INCLUDE_SOURCE;
				MTL_FAST_MATH = YES;
				ONLY_ACTIVE_ARCH = YES;
				SDKROOT = iphoneos;
				SWIFT_ACTIVE_COMPILATION_CONDITIONS = DEBUG;
				SWIFT_OPTIMIZATION_LEVEL = "-Onone";
			};
			name = Debug;
		};
		9BB06F8B23D0F9D3006CAD65 /* Release */ = {
			isa = XCBuildConfiguration;
			buildSettings = {
				ALWAYS_SEARCH_USER_PATHS = NO;
				CLANG_ANALYZER_NONNULL = YES;
				CLANG_ANALYZER_NUMBER_OBJECT_CONVERSION = YES_AGGRESSIVE;
				CLANG_CXX_LANGUAGE_STANDARD = "gnu++14";
				CLANG_CXX_LIBRARY = "libc++";
				CLANG_ENABLE_MODULES = YES;
				CLANG_ENABLE_OBJC_ARC = YES;
				CLANG_ENABLE_OBJC_WEAK = YES;
				CLANG_WARN_BLOCK_CAPTURE_AUTORELEASING = YES;
				CLANG_WARN_BOOL_CONVERSION = YES;
				CLANG_WARN_COMMA = YES;
				CLANG_WARN_CONSTANT_CONVERSION = YES;
				CLANG_WARN_DEPRECATED_OBJC_IMPLEMENTATIONS = YES;
				CLANG_WARN_DIRECT_OBJC_ISA_USAGE = YES_ERROR;
				CLANG_WARN_DOCUMENTATION_COMMENTS = YES;
				CLANG_WARN_EMPTY_BODY = YES;
				CLANG_WARN_ENUM_CONVERSION = YES;
				CLANG_WARN_INFINITE_RECURSION = YES;
				CLANG_WARN_INT_CONVERSION = YES;
				CLANG_WARN_NON_LITERAL_NULL_CONVERSION = YES;
				CLANG_WARN_OBJC_IMPLICIT_RETAIN_SELF = YES;
				CLANG_WARN_OBJC_LITERAL_CONVERSION = YES;
				CLANG_WARN_OBJC_ROOT_CLASS = YES_ERROR;
				CLANG_WARN_RANGE_LOOP_ANALYSIS = YES;
				CLANG_WARN_STRICT_PROTOTYPES = YES;
				CLANG_WARN_SUSPICIOUS_MOVE = YES;
				CLANG_WARN_UNGUARDED_AVAILABILITY = YES_AGGRESSIVE;
				CLANG_WARN_UNREACHABLE_CODE = YES;
				CLANG_WARN__DUPLICATE_METHOD_MATCH = YES;
				COPY_PHASE_STRIP = NO;
				DEBUG_INFORMATION_FORMAT = "dwarf-with-dsym";
				ENABLE_NS_ASSERTIONS = NO;
				ENABLE_STRICT_OBJC_MSGSEND = YES;
				GCC_C_LANGUAGE_STANDARD = gnu11;
				GCC_NO_COMMON_BLOCKS = YES;
				GCC_WARN_64_TO_32_BIT_CONVERSION = YES;
				GCC_WARN_ABOUT_RETURN_TYPE = YES_ERROR;
				GCC_WARN_UNDECLARED_SELECTOR = YES;
				GCC_WARN_UNINITIALIZED_AUTOS = YES_AGGRESSIVE;
				GCC_WARN_UNUSED_FUNCTION = YES;
				GCC_WARN_UNUSED_VARIABLE = YES;
				IPHONEOS_DEPLOYMENT_TARGET = 13.2;
				MTL_ENABLE_DEBUG_INFO = NO;
				MTL_FAST_MATH = YES;
				SDKROOT = iphoneos;
				SWIFT_COMPILATION_MODE = wholemodule;
				SWIFT_OPTIMIZATION_LEVEL = "-O";
				VALIDATE_PRODUCT = YES;
			};
			name = Release;
		};
		9BB06F8D23D0F9D3006CAD65 /* Debug */ = {
			isa = XCBuildConfiguration;
			buildSettings = {
				ASSETCATALOG_COMPILER_APPICON_NAME = AppIcon;
				CODE_SIGN_STYLE = Automatic;
				INFOPLIST_FILE = "CoreData Demo/Info.plist";
				LD_RUNPATH_SEARCH_PATHS = (
					"$(inherited)",
					"@executable_path/Frameworks",
				);
				PRODUCT_BUNDLE_IDENTIFIER = "CestarCollege.CoreData-Demo";
				PRODUCT_NAME = "$(TARGET_NAME)";
				SWIFT_VERSION = 5.0;
				TARGETED_DEVICE_FAMILY = "1,2";
			};
			name = Debug;
		};
		9BB06F8E23D0F9D3006CAD65 /* Release */ = {
			isa = XCBuildConfiguration;
			buildSettings = {
				ASSETCATALOG_COMPILER_APPICON_NAME = AppIcon;
				CODE_SIGN_STYLE = Automatic;
				INFOPLIST_FILE = "CoreData Demo/Info.plist";
				LD_RUNPATH_SEARCH_PATHS = (
					"$(inherited)",
					"@executable_path/Frameworks",
				);
				PRODUCT_BUNDLE_IDENTIFIER = "CestarCollege.CoreData-Demo";
				PRODUCT_NAME = "$(TARGET_NAME)";
				SWIFT_VERSION = 5.0;
				TARGETED_DEVICE_FAMILY = "1,2";
			};
			name = Release;
		};
		9BB06F9023D0F9D3006CAD65 /* Debug */ = {
			isa = XCBuildConfiguration;
			buildSettings = {
				ALWAYS_EMBED_SWIFT_STANDARD_LIBRARIES = YES;
				BUNDLE_LOADER = "$(TEST_HOST)";
				CODE_SIGN_STYLE = Automatic;
				INFOPLIST_FILE = "CoreData DemoTests/Info.plist";
				IPHONEOS_DEPLOYMENT_TARGET = 13.2;
				LD_RUNPATH_SEARCH_PATHS = (
					"$(inherited)",
					"@executable_path/Frameworks",
					"@loader_path/Frameworks",
				);
				PRODUCT_BUNDLE_IDENTIFIER = "CestarCollege.CoreData-DemoTests";
				PRODUCT_NAME = "$(TARGET_NAME)";
				SWIFT_VERSION = 5.0;
				TARGETED_DEVICE_FAMILY = "1,2";
				TEST_HOST = "$(BUILT_PRODUCTS_DIR)/CoreData Demo.app/CoreData Demo";
			};
			name = Debug;
		};
		9BB06F9123D0F9D3006CAD65 /* Release */ = {
			isa = XCBuildConfiguration;
			buildSettings = {
				ALWAYS_EMBED_SWIFT_STANDARD_LIBRARIES = YES;
				BUNDLE_LOADER = "$(TEST_HOST)";
				CODE_SIGN_STYLE = Automatic;
				INFOPLIST_FILE = "CoreData DemoTests/Info.plist";
				IPHONEOS_DEPLOYMENT_TARGET = 13.2;
				LD_RUNPATH_SEARCH_PATHS = (
					"$(inherited)",
					"@executable_path/Frameworks",
					"@loader_path/Frameworks",
				);
				PRODUCT_BUNDLE_IDENTIFIER = "CestarCollege.CoreData-DemoTests";
				PRODUCT_NAME = "$(TARGET_NAME)";
				SWIFT_VERSION = 5.0;
				TARGETED_DEVICE_FAMILY = "1,2";
				TEST_HOST = "$(BUILT_PRODUCTS_DIR)/CoreData Demo.app/CoreData Demo";
			};
			name = Release;
		};
		9BB06F9323D0F9D3006CAD65 /* Debug */ = {
			isa = XCBuildConfiguration;
			buildSettings = {
				ALWAYS_EMBED_SWIFT_STANDARD_LIBRARIES = YES;
				CODE_SIGN_STYLE = Automatic;
				INFOPLIST_FILE = "CoreData DemoUITests/Info.plist";
				LD_RUNPATH_SEARCH_PATHS = (
					"$(inherited)",
					"@executable_path/Frameworks",
					"@loader_path/Frameworks",
				);
				PRODUCT_BUNDLE_IDENTIFIER = "CestarCollege.CoreData-DemoUITests";
				PRODUCT_NAME = "$(TARGET_NAME)";
				SWIFT_VERSION = 5.0;
				TARGETED_DEVICE_FAMILY = "1,2";
				TEST_TARGET_NAME = "CoreData Demo";
			};
			name = Debug;
		};
		9BB06F9423D0F9D3006CAD65 /* Release */ = {
			isa = XCBuildConfiguration;
			buildSettings = {
				ALWAYS_EMBED_SWIFT_STANDARD_LIBRARIES = YES;
				CODE_SIGN_STYLE = Automatic;
				INFOPLIST_FILE = "CoreData DemoUITests/Info.plist";
				LD_RUNPATH_SEARCH_PATHS = (
					"$(inherited)",
					"@executable_path/Frameworks",
					"@loader_path/Frameworks",
				);
				PRODUCT_BUNDLE_IDENTIFIER = "CestarCollege.CoreData-DemoUITests";
				PRODUCT_NAME = "$(TARGET_NAME)";
				SWIFT_VERSION = 5.0;
				TARGETED_DEVICE_FAMILY = "1,2";
				TEST_TARGET_NAME = "CoreData Demo";
			};
			name = Release;
		};
/* End XCBuildConfiguration section */

/* Begin XCConfigurationList section */
		9BB06F5A23D0F9D3006CAD65 /* Build configuration list for PBXProject "CoreData Demo" */ = {
			isa = XCConfigurationList;
			buildConfigurations = (
				9BB06F8A23D0F9D3006CAD65 /* Debug */,
				9BB06F8B23D0F9D3006CAD65 /* Release */,
			);
			defaultConfigurationIsVisible = 0;
			defaultConfigurationName = Release;
		};
		9BB06F8C23D0F9D3006CAD65 /* Build configuration list for PBXNativeTarget "CoreData Demo" */ = {
			isa = XCConfigurationList;
			buildConfigurations = (
				9BB06F8D23D0F9D3006CAD65 /* Debug */,
				9BB06F8E23D0F9D3006CAD65 /* Release */,
			);
			defaultConfigurationIsVisible = 0;
			defaultConfigurationName = Release;
		};
		9BB06F8F23D0F9D3006CAD65 /* Build configuration list for PBXNativeTarget "CoreData DemoTests" */ = {
			isa = XCConfigurationList;
			buildConfigurations = (
				9BB06F9023D0F9D3006CAD65 /* Debug */,
				9BB06F9123D0F9D3006CAD65 /* Release */,
			);
			defaultConfigurationIsVisible = 0;
			defaultConfigurationName = Release;
		};
		9BB06F9223D0F9D3006CAD65 /* Build configuration list for PBXNativeTarget "CoreData DemoUITests" */ = {
			isa = XCConfigurationList;
			buildConfigurations = (
				9BB06F9323D0F9D3006CAD65 /* Debug */,
				9BB06F9423D0F9D3006CAD65 /* Release */,
			);
			defaultConfigurationIsVisible = 0;
			defaultConfigurationName = Release;
		};
/* End XCConfigurationList section */

/* Begin XCVersionGroup section */
		9BB06F6B23D0F9D3006CAD65 /* CoreData_Demo.xcdatamodeld */ = {
			isa = XCVersionGroup;
			children = (
				9BB06F6C23D0F9D3006CAD65 /* CoreData_Demo.xcdatamodel */,
			);
			currentVersion = 9BB06F6C23D0F9D3006CAD65 /* CoreData_Demo.xcdatamodel */;
			path = CoreData_Demo.xcdatamodeld;
			sourceTree = "<group>";
			versionGroupType = wrapper.xcdatamodel;
		};
/* End XCVersionGroup section */
	};
	rootObject = 9BB06F5723D0F9D3006CAD65 /* Project object */;
}
